
Microsoft Visual Studio Solution File, Format Version 12.00
# Visual Studio Version 16
VisualStudioVersion = 16.0.31613.86
MinimumVisualStudioVersion = 10.0.40219.1
Project("{2150E333-8FDC-42A3-9474-1A3956D46DE8}") = "src", "src", "{57AD5693-6B12-49B9-A8EC-6E2C5EC05965}"
EndProject
Project("{2150E333-8FDC-42A3-9474-1A3956D46DE8}") = "common", "common", "{1E3643DE-1032-4022-AF83-83A3BE31D26B}"
	ProjectSection(SolutionItems) = preProject
		.gitignore = .gitignore
		dockerfile = dockerfile
		readme.md = readme.md
	EndProjectSection
EndProject
Project("{2150E333-8FDC-42A3-9474-1A3956D46DE8}") = "tests", "tests", "{2A0F4A2E-2865-4558-B135-970D6A0CAC26}"
EndProject
Project("{9A19103F-16F7-4668-BE54-9A1E7A4F7556}") = "OzonEdu.MerchandiseService", "src\OzonEdu.MerchandiseService\OzonEdu.MerchandiseService.csproj", "{0C731A3B-99AC-4598-9B82-D5F60FDECF17}"
EndProject
Project("{2150E333-8FDC-42A3-9474-1A3956D46DE8}") = "deploy", "deploy", "{BFA1C4D4-F796-4A91-8F18-F29506551F7A}"
EndProject
Project("{9A19103F-16F7-4668-BE54-9A1E7A4F7556}") = "MerchandiseService.Domain", "src\MerchandiseService.Domain\MerchandiseService.Domain.csproj", "{A7D89A99-3C57-4E5B-A8B2-0C8D73D9F9E9}"
EndProject
Project("{9A19103F-16F7-4668-BE54-9A1E7A4F7556}") = "MerchandiseService.Infastructure", "src\MerchandiseService.Infastructure\MerchandiseService.Infastructure.csproj", "{71FFA659-32A4-4F6B-8163-4C274704B290}"
EndProject
Project("{9A19103F-16F7-4668-BE54-9A1E7A4F7556}") = "MerchandiseService", "src\MerchandiseService\MerchandiseService.csproj", "{75ACB1FA-530E-49F9-AFC3-18A740F3B0F4}"
EndProject
Global
	GlobalSection(SolutionConfigurationPlatforms) = preSolution
		Debug|Any CPU = Debug|Any CPU
		Release|Any CPU = Release|Any CPU
	EndGlobalSection
	GlobalSection(ProjectConfigurationPlatforms) = postSolution
		{0C731A3B-99AC-4598-9B82-D5F60FDECF17}.Debug|Any CPU.ActiveCfg = Debug|Any CPU
		{0C731A3B-99AC-4598-9B82-D5F60FDECF17}.Debug|Any CPU.Build.0 = Debug|Any CPU
		{0C731A3B-99AC-4598-9B82-D5F60FDECF17}.Release|Any CPU.ActiveCfg = Release|Any CPU
		{0C731A3B-99AC-4598-9B82-D5F60FDECF17}.Release|Any CPU.Build.0 = Release|Any CPU
		{A7D89A99-3C57-4E5B-A8B2-0C8D73D9F9E9}.Debug|Any CPU.ActiveCfg = Debug|Any CPU
		{A7D89A99-3C57-4E5B-A8B2-0C8D73D9F9E9}.Debug|Any CPU.Build.0 = Debug|Any CPU
		{A7D89A99-3C57-4E5B-A8B2-0C8D73D9F9E9}.Release|Any CPU.ActiveCfg = Release|Any CPU
		{A7D89A99-3C57-4E5B-A8B2-0C8D73D9F9E9}.Release|Any CPU.Build.0 = Release|Any CPU
		{71FFA659-32A4-4F6B-8163-4C274704B290}.Debug|Any CPU.ActiveCfg = Debug|Any CPU
		{71FFA659-32A4-4F6B-8163-4C274704B290}.Debug|Any CPU.Build.0 = Debug|Any CPU
		{71FFA659-32A4-4F6B-8163-4C274704B290}.Release|Any CPU.ActiveCfg = Release|Any CPU
		{71FFA659-32A4-4F6B-8163-4C274704B290}.Release|Any CPU.Build.0 = Release|Any CPU
		{75ACB1FA-530E-49F9-AFC3-18A740F3B0F4}.Debug|Any CPU.ActiveCfg = Debug|Any CPU
		{75ACB1FA-530E-49F9-AFC3-18A740F3B0F4}.Debug|Any CPU.Build.0 = Debug|Any CPU
		{75ACB1FA-530E-49F9-AFC3-18A740F3B0F4}.Release|Any CPU.ActiveCfg = Release|Any CPU
		{75ACB1FA-530E-49F9-AFC3-18A740F3B0F4}.Release|Any CPU.Build.0 = Release|Any CPU
	EndGlobalSection
	GlobalSection(SolutionProperties) = preSolution
		HideSolutionNode = FALSE
	EndGlobalSection
	GlobalSection(NestedProjects) = preSolution
		{0C731A3B-99AC-4598-9B82-D5F60FDECF17} = {57AD5693-6B12-49B9-A8EC-6E2C5EC05965}
		{A7D89A99-3C57-4E5B-A8B2-0C8D73D9F9E9} = {57AD5693-6B12-49B9-A8EC-6E2C5EC05965}
		{71FFA659-32A4-4F6B-8163-4C274704B290} = {57AD5693-6B12-49B9-A8EC-6E2C5EC05965}
	EndGlobalSection
	GlobalSection(ExtensibilityGlobals) = postSolution
		SolutionGuid = {89F6B120-B718-43EC-9188-7993CFA28A15}
	EndGlobalSection
EndGlobal
